
Microsoft Visual Studio Solution File, Format Version 12.00
# Visual Studio 15
VisualStudioVersion = 15.0.26430.6
MinimumVisualStudioVersion = 10.0.40219.1
Project("{FAE04EC0-301F-11D3-BF4B-00C04F79EFBC}") = "VpNet.VpConsoleServices", "VpNet.VpConsoleServices\VpNet.VpConsoleServices.csproj", "{B294B1FA-D155-4871-9A71-52E1133EAB2F}"
EndProject
Project("{FAE04EC0-301F-11D3-BF4B-00C04F79EFBC}") = "VpNet.Plugins", "VpNet.Plugins\VpNet.Plugins.csproj", "{5BE31DC9-D75F-46A6-8083-F05B5EE3902E}"
EndProject
Project("{2150E333-8FDC-42A3-9474-1A3956D46DE8}") = "Solution Items", "Solution Items", "{5A85275D-F7BE-4CD1-A286-8E0170BAA74C}"
	ProjectSection(SolutionItems) = preProject
		nuget\VpNet.Plugins.nuspec = nuget\VpNet.Plugins.nuspec
		nuget\VpNet.VpConsoleServices.nuspec = nuget\VpNet.VpConsoleServices.nuspec
	EndProjectSection
EndProject
Project("{FAE04EC0-301F-11D3-BF4B-00C04F79EFBC}") = "VpNet.VpConsole", "VpNet.VpConsole\VpNet.VpConsole.csproj", "{F2A16EB2-0B44-4E66-A7AB-1E4FF0856B6E}"
	ProjectSection(ProjectDependencies) = postProject
		{5BE31DC9-D75F-46A6-8083-F05B5EE3902E} = {5BE31DC9-D75F-46A6-8083-F05B5EE3902E}
	EndProjectSection
EndProject
Global
	GlobalSection(SolutionConfigurationPlatforms) = preSolution
		Debug|Any CPU = Debug|Any CPU
		Debug|x86 = Debug|x86
		Release|Any CPU = Release|Any CPU
		Release|x86 = Release|x86
	EndGlobalSection
	GlobalSection(ProjectConfigurationPlatforms) = postSolution
		{B294B1FA-D155-4871-9A71-52E1133EAB2F}.Debug|Any CPU.ActiveCfg = Debug|Any CPU
		{B294B1FA-D155-4871-9A71-52E1133EAB2F}.Debug|Any CPU.Build.0 = Debug|Any CPU
		{B294B1FA-D155-4871-9A71-52E1133EAB2F}.Debug|x86.ActiveCfg = Debug|Any CPU
		{B294B1FA-D155-4871-9A71-52E1133EAB2F}.Debug|x86.Build.0 = Debug|Any CPU
		{B294B1FA-D155-4871-9A71-52E1133EAB2F}.Release|Any CPU.ActiveCfg = Release|Any CPU
		{B294B1FA-D155-4871-9A71-52E1133EAB2F}.Release|Any CPU.Build.0 = Release|Any CPU
		{B294B1FA-D155-4871-9A71-52E1133EAB2F}.Release|x86.ActiveCfg = Release|Any CPU
		{B294B1FA-D155-4871-9A71-52E1133EAB2F}.Release|x86.Build.0 = Release|Any CPU
		{5BE31DC9-D75F-46A6-8083-F05B5EE3902E}.Debug|Any CPU.ActiveCfg = Debug|Any CPU
		{5BE31DC9-D75F-46A6-8083-F05B5EE3902E}.Debug|Any CPU.Build.0 = Debug|Any CPU
		{5BE31DC9-D75F-46A6-8083-F05B5EE3902E}.Debug|x86.ActiveCfg = Debug|Any CPU
		{5BE31DC9-D75F-46A6-8083-F05B5EE3902E}.Debug|x86.Build.0 = Debug|Any CPU
		{5BE31DC9-D75F-46A6-8083-F05B5EE3902E}.Release|Any CPU.ActiveCfg = Release|Any CPU
		{5BE31DC9-D75F-46A6-8083-F05B5EE3902E}.Release|Any CPU.Build.0 = Release|Any CPU
		{5BE31DC9-D75F-46A6-8083-F05B5EE3902E}.Release|x86.ActiveCfg = Release|Any CPU
		{5BE31DC9-D75F-46A6-8083-F05B5EE3902E}.Release|x86.Build.0 = Release|Any CPU
		{F2A16EB2-0B44-4E66-A7AB-1E4FF0856B6E}.Debug|Any CPU.ActiveCfg = Debug|x86
		{F2A16EB2-0B44-4E66-A7AB-1E4FF0856B6E}.Debug|Any CPU.Build.0 = Debug|x86
		{F2A16EB2-0B44-4E66-A7AB-1E4FF0856B6E}.Debug|x86.ActiveCfg = Debug|x86
		{F2A16EB2-0B44-4E66-A7AB-1E4FF0856B6E}.Debug|x86.Build.0 = Debug|x86
		{F2A16EB2-0B44-4E66-A7AB-1E4FF0856B6E}.Release|Any CPU.ActiveCfg = Release|x86
		{F2A16EB2-0B44-4E66-A7AB-1E4FF0856B6E}.Release|Any CPU.Build.0 = Release|x86
		{F2A16EB2-0B44-4E66-A7AB-1E4FF0856B6E}.Release|x86.ActiveCfg = Release|x86
		{F2A16EB2-0B44-4E66-A7AB-1E4FF0856B6E}.Release|x86.Build.0 = Release|x86
	EndGlobalSection
	GlobalSection(SolutionProperties) = preSolution
		HideSolutionNode = FALSE
	EndGlobalSection
EndGlobal
